{
  "originHash" : "c085e90d33dfc0a8786208c2a5a9c0c88e4de6f1569a486030625bd14f54eb3b",
  "pins" : [
    {
      "identity" : "fluidaudio",
      "kind" : "remoteSourceControl",
      "location" : "https://github.com/FluidInference/FluidAudio.git",
      "state" : {
        "revision" : "4ef33f0b64837c2943e8cd0f66940d5861176d6a"
      }
    }
  ],
  "version" : 3
}
